
Microsoft Visual Studio Solution File, Format Version 12.00
# Visual Studio 15
VisualStudioVersion = 15.0.27703.2018
MinimumVisualStudioVersion = 10.0.40219.1
Project("{FAE04EC0-301F-11D3-BF4B-00C04F79EFBC}") = "JitsXamarinTapjoy.Android", "JitsXamarinTapjoy\JitsXamarinTapjoy.Android\JitsXamarinTapjoy.Android.csproj", "{E469486B-E7B7-400F-A983-9BB182BF970D}"
EndProject
Project("{FAE04EC0-301F-11D3-BF4B-00C04F79EFBC}") = "JitsXamarinTapjoy", "JitsXamarinTapjoy\JitsXamarinTapjoy\JitsXamarinTapjoy.csproj", "{7AE98638-3915-4793-9223-AFC75731E60B}"
EndProject
Global
	GlobalSection(SolutionConfigurationPlatforms) = preSolution
		Debug|Any CPU = Debug|Any CPU
		Release|Any CPU = Release|Any CPU
	EndGlobalSection
	GlobalSection(ProjectConfigurationPlatforms) = postSolution
		{E469486B-E7B7-400F-A983-9BB182BF970D}.Debug|Any CPU.ActiveCfg = Debug|Any CPU
		{E469486B-E7B7-400F-A983-9BB182BF970D}.Debug|Any CPU.Build.0 = Debug|Any CPU
		{E469486B-E7B7-400F-A983-9BB182BF970D}.Debug|Any CPU.Deploy.0 = Debug|Any CPU
		{E469486B-E7B7-400F-A983-9BB182BF970D}.Release|Any CPU.ActiveCfg = Release|Any CPU
		{E469486B-E7B7-400F-A983-9BB182BF970D}.Release|Any CPU.Build.0 = Release|Any CPU
		{E469486B-E7B7-400F-A983-9BB182BF970D}.Release|Any CPU.Deploy.0 = Release|Any CPU
		{7AE98638-3915-4793-9223-AFC75731E60B}.Debug|Any CPU.ActiveCfg = Debug|Any CPU
		{7AE98638-3915-4793-9223-AFC75731E60B}.Debug|Any CPU.Build.0 = Debug|Any CPU
		{7AE98638-3915-4793-9223-AFC75731E60B}.Debug|Any CPU.Deploy.0 = Debug|Any CPU
		{7AE98638-3915-4793-9223-AFC75731E60B}.Release|Any CPU.ActiveCfg = Release|Any CPU
		{7AE98638-3915-4793-9223-AFC75731E60B}.Release|Any CPU.Build.0 = Release|Any CPU
		{7AE98638-3915-4793-9223-AFC75731E60B}.Release|Any CPU.Deploy.0 = Release|Any CPU
	EndGlobalSection
	GlobalSection(SolutionProperties) = preSolution
		HideSolutionNode = FALSE
	EndGlobalSection
	GlobalSection(ExtensibilityGlobals) = postSolution
		SolutionGuid = {78F76038-C0F1-4819-BB02-38AD400EA65E}
	EndGlobalSection
EndGlobal
